{
    "_meta": {
        "hash": {
            "sha256": "c2f09d82d4a3fe5df7b9c2a4a55294a663e41ca7b08e312af7111d618d331c8e"
        },
        "pipfile-spec": 6,
        "requires": {
            "python_version": "3.10"
        },
        "sources": [
            {
                "name": "pypi",
                "url": "https://pypi.org/simple",
                "verify_ssl": true
            }
        ]
    },
    "default": {
        "python-multipart": {
            "hashes": [
                "sha256:8a62d3a8335e06589fe01f2a3e178cdcc632f3fbe0d492ad9ee0ec35aab1f104",
                "sha256:8dd0cab45b8e23064ae09147625994d090fa46f5b0d1e13af944c331a7fa9d13"
            ],
            "index": "pypi",
            "markers": "python_version >= '3.8'",
            "version": "==0.0.20"
        }
    },
    "develop": {}
}
